
Microsoft Visual Studio Solution File, Format Version 12.00
# Visual Studio Version 16
VisualStudioVersion = 16.0.29911.84
MinimumVisualStudioVersion = 10.0.40219.1
Project("{FAE04EC0-301F-11D3-BF4B-00C04F79EFBC}") = "clase 22.04 actividad02", "clase 22.04 actividad02\clase 22.04 actividad02.csproj", "{8FD6FFC5-C34F-4F6D-86BA-F6E7C5680548}"
EndProject
Global
	GlobalSection(SolutionConfigurationPlatforms) = preSolution
		Debug|Any CPU = Debug|Any CPU
		Release|Any CPU = Release|Any CPU
	EndGlobalSection
	GlobalSection(ProjectConfigurationPlatforms) = postSolution
		{8FD6FFC5-C34F-4F6D-86BA-F6E7C5680548}.Debug|Any CPU.ActiveCfg = Debug|Any CPU
		{8FD6FFC5-C34F-4F6D-86BA-F6E7C5680548}.Debug|Any CPU.Build.0 = Debug|Any CPU
		{8FD6FFC5-C34F-4F6D-86BA-F6E7C5680548}.Release|Any CPU.ActiveCfg = Release|Any CPU
		{8FD6FFC5-C34F-4F6D-86BA-F6E7C5680548}.Release|Any CPU.Build.0 = Release|Any CPU
	EndGlobalSection
	GlobalSection(SolutionProperties) = preSolution
		HideSolutionNode = FALSE
	EndGlobalSection
	GlobalSection(ExtensibilityGlobals) = postSolution
		SolutionGuid = {6E71EE69-27F3-4B4C-9EB2-6D496F3B0CF2}
	EndGlobalSection
EndGlobal
